
Microsoft Visual Studio Solution File, Format Version 10.00
# Visual C++ Express 2008
Project("{8BC9CEB8-8B4A-11D0-8D11-00A0C91BC942}") = "libtotem-plparser", "libtotem-plparser.vcproj", "{A56FEFEA-0E85-4BFE-8704-A3DB27323B3C}"
	ProjectSection(ProjectDependencies) = postProject
		{952F28D6-E423-4EB9-A70D-22D00F2B0B20} = {952F28D6-E423-4EB9-A70D-22D00F2B0B20}
	EndProjectSection
EndProject
Project("{8BC9CEB8-8B4A-11D0-8D11-00A0C91BC942}") = "generated", "generated.vcproj", "{952F28D6-E423-4EB9-A70D-22D00F2B0B20}"
EndProject
Project("{8BC9CEB8-8B4A-11D0-8D11-00A0C91BC942}") = "libtotem-plparser-mini", "libtotem-plparser-mini.vcproj", "{ADA22371-6786-4F16-A7E6-7234FB6BD793}"
	ProjectSection(ProjectDependencies) = postProject
		{952F28D6-E423-4EB9-A70D-22D00F2B0B20} = {952F28D6-E423-4EB9-A70D-22D00F2B0B20}
	EndProjectSection
EndProject
Project("{8BC9CEB8-8B4A-11D0-8D11-00A0C91BC942}") = "libcomp", "libcomp.vcproj", "{47AF0675-FE10-44A9-9A9A-FC8DD800508F}"
	ProjectSection(ProjectDependencies) = postProject
		{952F28D6-E423-4EB9-A70D-22D00F2B0B20} = {952F28D6-E423-4EB9-A70D-22D00F2B0B20}
	EndProjectSection
EndProject
Project("{8BC9CEB8-8B4A-11D0-8D11-00A0C91BC942}") = "test-parser", "test-parser.vcproj", "{82622727-1736-4570-86A7-B113DC1F005A}"
	ProjectSection(ProjectDependencies) = postProject
		{A56FEFEA-0E85-4BFE-8704-A3DB27323B3C} = {A56FEFEA-0E85-4BFE-8704-A3DB27323B3C}
	EndProjectSection
EndProject
Global
	GlobalSection(SolutionConfigurationPlatforms) = preSolution
		Debug|Win32 = Debug|Win32
		Release|Win32 = Release|Win32
		ReleaseWdkCrt|Win32 = ReleaseWdkCrt|Win32
	EndGlobalSection
	GlobalSection(ProjectConfigurationPlatforms) = postSolution
		{A56FEFEA-0E85-4BFE-8704-A3DB27323B3C}.Debug|Win32.ActiveCfg = Debug|Win32
		{A56FEFEA-0E85-4BFE-8704-A3DB27323B3C}.Debug|Win32.Build.0 = Debug|Win32
		{A56FEFEA-0E85-4BFE-8704-A3DB27323B3C}.Release|Win32.ActiveCfg = Release|Win32
		{A56FEFEA-0E85-4BFE-8704-A3DB27323B3C}.Release|Win32.Build.0 = Release|Win32
		{A56FEFEA-0E85-4BFE-8704-A3DB27323B3C}.ReleaseWdkCrt|Win32.ActiveCfg = Release|Win32
		{A56FEFEA-0E85-4BFE-8704-A3DB27323B3C}.ReleaseWdkCrt|Win32.Build.0 = Release|Win32
		{952F28D6-E423-4EB9-A70D-22D00F2B0B20}.Debug|Win32.ActiveCfg = Debug|Win32
		{952F28D6-E423-4EB9-A70D-22D00F2B0B20}.Debug|Win32.Build.0 = Debug|Win32
		{952F28D6-E423-4EB9-A70D-22D00F2B0B20}.Release|Win32.ActiveCfg = Release|Win32
		{952F28D6-E423-4EB9-A70D-22D00F2B0B20}.Release|Win32.Build.0 = Release|Win32
		{952F28D6-E423-4EB9-A70D-22D00F2B0B20}.ReleaseWdkCrt|Win32.ActiveCfg = ReleaseWdkCrt|Win32
		{952F28D6-E423-4EB9-A70D-22D00F2B0B20}.ReleaseWdkCrt|Win32.Build.0 = ReleaseWdkCrt|Win32
		{ADA22371-6786-4F16-A7E6-7234FB6BD793}.Debug|Win32.ActiveCfg = Debug|Win32
		{ADA22371-6786-4F16-A7E6-7234FB6BD793}.Debug|Win32.Build.0 = Debug|Win32
		{ADA22371-6786-4F16-A7E6-7234FB6BD793}.Release|Win32.ActiveCfg = Release|Win32
		{ADA22371-6786-4F16-A7E6-7234FB6BD793}.Release|Win32.Build.0 = Release|Win32
		{ADA22371-6786-4F16-A7E6-7234FB6BD793}.ReleaseWdkCrt|Win32.ActiveCfg = Release|Win32
		{ADA22371-6786-4F16-A7E6-7234FB6BD793}.ReleaseWdkCrt|Win32.Build.0 = Release|Win32
		{47AF0675-FE10-44A9-9A9A-FC8DD800508F}.Debug|Win32.ActiveCfg = Debug|Win32
		{47AF0675-FE10-44A9-9A9A-FC8DD800508F}.Debug|Win32.Build.0 = Debug|Win32
		{47AF0675-FE10-44A9-9A9A-FC8DD800508F}.Release|Win32.ActiveCfg = Release|Win32
		{47AF0675-FE10-44A9-9A9A-FC8DD800508F}.Release|Win32.Build.0 = Release|Win32
		{47AF0675-FE10-44A9-9A9A-FC8DD800508F}.ReleaseWdkCrt|Win32.ActiveCfg = Release|Win32
		{47AF0675-FE10-44A9-9A9A-FC8DD800508F}.ReleaseWdkCrt|Win32.Build.0 = Release|Win32
		{82622727-1736-4570-86A7-B113DC1F005A}.Debug|Win32.ActiveCfg = Debug|Win32
		{82622727-1736-4570-86A7-B113DC1F005A}.Debug|Win32.Build.0 = Debug|Win32
		{82622727-1736-4570-86A7-B113DC1F005A}.Release|Win32.ActiveCfg = Release|Win32
		{82622727-1736-4570-86A7-B113DC1F005A}.Release|Win32.Build.0 = Release|Win32
		{82622727-1736-4570-86A7-B113DC1F005A}.ReleaseWdkCrt|Win32.ActiveCfg = Release|Win32
		{82622727-1736-4570-86A7-B113DC1F005A}.ReleaseWdkCrt|Win32.Build.0 = Release|Win32
	EndGlobalSection
	GlobalSection(SolutionProperties) = preSolution
		HideSolutionNode = FALSE
	EndGlobalSection
EndGlobal
